// !$*UTF8*$!
{
	archiveVersion = 1;
	classes = {
	};
	objectVersion = 50;
	objects = {

/* Begin PBXBuildFile section */
		4D0CD9F0240A4588007D3B17 /* Photo+CoreDataClass.swift in Sources */ = {isa = PBXBuildFile; fileRef = 4D0CD9ED240A4588007D3B17 /* Photo+CoreDataClass.swift */; };
		4D0CD9F1240A4588007D3B17 /* Photo+CoreDataProperties.swift in Sources */ = {isa = PBXBuildFile; fileRef = 4D0CD9EE240A4588007D3B17 /* Photo+CoreDataProperties.swift */; };
		4D2B4CDD240A0E2700875E07 /* O2OnePoc.xcdatamodeld in Sources */ = {isa = PBXBuildFile; fileRef = 4D2B4CDB240A0E2700875E07 /* O2OnePoc.xcdatamodeld */; };
		4D335C802407B18D00587BFA /* AppDelegate.swift in Sources */ = {isa = PBXBuildFile; fileRef = 4D335C7F2407B18D00587BFA /* AppDelegate.swift */; };
		4D335C892407B1A100587BFA /* Assets.xcassets in Resources */ = {isa = PBXBuildFile; fileRef = 4D335C882407B1A100587BFA /* Assets.xcassets */; };
		4D335C8C2407B1A100587BFA /* LaunchScreen.storyboard in Resources */ = {isa = PBXBuildFile; fileRef = 4D335C8A2407B1A100587BFA /* LaunchScreen.storyboard */; };
		4D335C962407BAE500587BFA /* NetworkManager.swift in Sources */ = {isa = PBXBuildFile; fileRef = 4D335C952407BAE500587BFA /* NetworkManager.swift */; };
		4D335C982407BBBF00587BFA /* Constants.swift in Sources */ = {isa = PBXBuildFile; fileRef = 4D335C972407BBBF00587BFA /* Constants.swift */; };
		4D335C9B2407BED600587BFA /* MainResponseModel.swift in Sources */ = {isa = PBXBuildFile; fileRef = 4D335C9A2407BED600587BFA /* MainResponseModel.swift */; };
		4D335C9E2407C59E00587BFA /* GETPhotosRequest.swift in Sources */ = {isa = PBXBuildFile; fileRef = 4D335C9D2407C59D00587BFA /* GETPhotosRequest.swift */; };
		4D335CA12407CDEA00587BFA /* MainVC.swift in Sources */ = {isa = PBXBuildFile; fileRef = 4D335CA02407CDEA00587BFA /* MainVC.swift */; };
		4D335CA92407D54A00587BFA /* MainVM.swift in Sources */ = {isa = PBXBuildFile; fileRef = 4D335CA82407D54A00587BFA /* MainVM.swift */; };
		4D335CB52407D72900587BFA /* Images.swift in Sources */ = {isa = PBXBuildFile; fileRef = 4D335CAA2407D72800587BFA /* Images.swift */; };
		4D335CB62407D72900587BFA /* Avatars.swift in Sources */ = {isa = PBXBuildFile; fileRef = 4D335CAB2407D72800587BFA /* Avatars.swift */; };
		4D335CB72407D72900587BFA /* Fill_switch.swift in Sources */ = {isa = PBXBuildFile; fileRef = 4D335CAC2407D72800587BFA /* Fill_switch.swift */; };
		4D335CB82407D72900587BFA /* Tiny.swift in Sources */ = {isa = PBXBuildFile; fileRef = 4D335CAD2407D72800587BFA /* Tiny.swift */; };
		4D335CB92407D72900587BFA /* Large.swift in Sources */ = {isa = PBXBuildFile; fileRef = 4D335CAE2407D72800587BFA /* Large.swift */; };
		4D335CBA2407D72900587BFA /* Photos.swift in Sources */ = {isa = PBXBuildFile; fileRef = 4D335CAF2407D72900587BFA /* Photos.swift */; };
		4D335CBB2407D72900587BFA /* User.swift in Sources */ = {isa = PBXBuildFile; fileRef = 4D335CB02407D72900587BFA /* User.swift */; };
		4D335CBC2407D72900587BFA /* Default.swift in Sources */ = {isa = PBXBuildFile; fileRef = 4D335CB12407D72900587BFA /* Default.swift */; };
		4D335CBE2407D72900587BFA /* Filters.swift in Sources */ = {isa = PBXBuildFile; fileRef = 4D335CB32407D72900587BFA /* Filters.swift */; };
		4D335CBF2407D72900587BFA /* Small.swift in Sources */ = {isa = PBXBuildFile; fileRef = 4D335CB42407D72900587BFA /* Small.swift */; };
		4D3B62DA2407EC9D006514AD /* tableViewCell.swift in Sources */ = {isa = PBXBuildFile; fileRef = 4D3B62D82407EC9D006514AD /* tableViewCell.swift */; };
		4D3B62DB2407EC9D006514AD /* tableViewCell.xib in Resources */ = {isa = PBXBuildFile; fileRef = 4D3B62D92407EC9D006514AD /* tableViewCell.xib */; };
		4D793B662407F93A00934FAF /* DetailsVC.swift in Sources */ = {isa = PBXBuildFile; fileRef = 4D793B652407F93A00934FAF /* DetailsVC.swift */; };
		4D793B682407F94900934FAF /* DetailsVM.swift in Sources */ = {isa = PBXBuildFile; fileRef = 4D793B672407F94900934FAF /* DetailsVM.swift */; };
		4D793B6A2407FB4100934FAF /* DetailsView.xib in Resources */ = {isa = PBXBuildFile; fileRef = 4D793B692407FB4000934FAF /* DetailsView.xib */; };
		4D793B6C24081FF800934FAF /* Animator.swift in Sources */ = {isa = PBXBuildFile; fileRef = 4D793B6B24081FF800934FAF /* Animator.swift */; };
		4D793B6F2408239600934FAF /* Exnteniosn.swift in Sources */ = {isa = PBXBuildFile; fileRef = 4D793B6E2408239600934FAF /* Exnteniosn.swift */; };
/* End PBXBuildFile section */

/* Begin PBXFileReference section */
		4D0CD9ED240A4588007D3B17 /* Photo+CoreDataClass.swift */ = {isa = PBXFileReference; lastKnownFileType = sourcecode.swift; path = "Photo+CoreDataClass.swift"; sourceTree = "<group>"; };
		4D0CD9EE240A4588007D3B17 /* Photo+CoreDataProperties.swift */ = {isa = PBXFileReference; lastKnownFileType = sourcecode.swift; path = "Photo+CoreDataProperties.swift"; sourceTree = "<group>"; };
		4D2B4CDC240A0E2700875E07 /* O2OnePoc.xcdatamodel */ = {isa = PBXFileReference; lastKnownFileType = wrapper.xcdatamodel; path = O2OnePoc.xcdatamodel; sourceTree = "<group>"; };
		4D335C7C2407B18D00587BFA /* POCO2One.app */ = {isa = PBXFileReference; explicitFileType = wrapper.application; includeInIndex = 0; path = POCO2One.app; sourceTree = BUILT_PRODUCTS_DIR; };
		4D335C7F2407B18D00587BFA /* AppDelegate.swift */ = {isa = PBXFileReference; lastKnownFileType = sourcecode.swift; path = AppDelegate.swift; sourceTree = "<group>"; };
		4D335C882407B1A100587BFA /* Assets.xcassets */ = {isa = PBXFileReference; lastKnownFileType = folder.assetcatalog; path = Assets.xcassets; sourceTree = "<group>"; };
		4D335C8B2407B1A100587BFA /* Base */ = {isa = PBXFileReference; lastKnownFileType = file.storyboard; name = Base; path = Base.lproj/LaunchScreen.storyboard; sourceTree = "<group>"; };
		4D335C8D2407B1A100587BFA /* Info.plist */ = {isa = PBXFileReference; lastKnownFileType = text.plist.xml; path = Info.plist; sourceTree = "<group>"; };
		4D335C952407BAE500587BFA /* NetworkManager.swift */ = {isa = PBXFileReference; lastKnownFileType = sourcecode.swift; path = NetworkManager.swift; sourceTree = "<group>"; };
		4D335C972407BBBF00587BFA /* Constants.swift */ = {isa = PBXFileReference; lastKnownFileType = sourcecode.swift; path = Constants.swift; sourceTree = "<group>"; };
		4D335C9A2407BED600587BFA /* MainResponseModel.swift */ = {isa = PBXFileReference; lastKnownFileType = sourcecode.swift; path = MainResponseModel.swift; sourceTree = "<group>"; };
		4D335C9D2407C59D00587BFA /* GETPhotosRequest.swift */ = {isa = PBXFileReference; lastKnownFileType = sourcecode.swift; path = GETPhotosRequest.swift; sourceTree = "<group>"; };
		4D335CA02407CDEA00587BFA /* MainVC.swift */ = {isa = PBXFileReference; lastKnownFileType = sourcecode.swift; path = MainVC.swift; sourceTree = "<group>"; };
		4D335CA82407D54A00587BFA /* MainVM.swift */ = {isa = PBXFileReference; lastKnownFileType = sourcecode.swift; path = MainVM.swift; sourceTree = "<group>"; };
		4D335CAA2407D72800587BFA /* Images.swift */ = {isa = PBXFileReference; fileEncoding = 4; lastKnownFileType = sourcecode.swift; path = Images.swift; sourceTree = "<group>"; };
		4D335CAB2407D72800587BFA /* Avatars.swift */ = {isa = PBXFileReference; fileEncoding = 4; lastKnownFileType = sourcecode.swift; path = Avatars.swift; sourceTree = "<group>"; };
		4D335CAC2407D72800587BFA /* Fill_switch.swift */ = {isa = PBXFileReference; fileEncoding = 4; lastKnownFileType = sourcecode.swift; path = Fill_switch.swift; sourceTree = "<group>"; };
		4D335CAD2407D72800587BFA /* Tiny.swift */ = {isa = PBXFileReference; fileEncoding = 4; lastKnownFileType = sourcecode.swift; path = Tiny.swift; sourceTree = "<group>"; };
		4D335CAE2407D72800587BFA /* Large.swift */ = {isa = PBXFileReference; fileEncoding = 4; lastKnownFileType = sourcecode.swift; path = Large.swift; sourceTree = "<group>"; };
		4D335CAF2407D72900587BFA /* Photos.swift */ = {isa = PBXFileReference; fileEncoding = 4; lastKnownFileType = sourcecode.swift; path = Photos.swift; sourceTree = "<group>"; };
		4D335CB02407D72900587BFA /* User.swift */ = {isa = PBXFileReference; fileEncoding = 4; lastKnownFileType = sourcecode.swift; path = User.swift; sourceTree = "<group>"; };
		4D335CB12407D72900587BFA /* Default.swift */ = {isa = PBXFileReference; fileEncoding = 4; lastKnownFileType = sourcecode.swift; path = Default.swift; sourceTree = "<group>"; };
		4D335CB32407D72900587BFA /* Filters.swift */ = {isa = PBXFileReference; fileEncoding = 4; lastKnownFileType = sourcecode.swift; path = Filters.swift; sourceTree = "<group>"; };
		4D335CB42407D72900587BFA /* Small.swift */ = {isa = PBXFileReference; fileEncoding = 4; lastKnownFileType = sourcecode.swift; path = Small.swift; sourceTree = "<group>"; };
		4D3B62D82407EC9D006514AD /* tableViewCell.swift */ = {isa = PBXFileReference; lastKnownFileType = sourcecode.swift; path = tableViewCell.swift; sourceTree = "<group>"; };
		4D3B62D92407EC9D006514AD /* tableViewCell.xib */ = {isa = PBXFileReference; lastKnownFileType = file.xib; path = tableViewCell.xib; sourceTree = "<group>"; };
		4D793B652407F93A00934FAF /* DetailsVC.swift */ = {isa = PBXFileReference; lastKnownFileType = sourcecode.swift; path = DetailsVC.swift; sourceTree = "<group>"; };
		4D793B672407F94900934FAF /* DetailsVM.swift */ = {isa = PBXFileReference; lastKnownFileType = sourcecode.swift; path = DetailsVM.swift; sourceTree = "<group>"; };
		4D793B692407FB4000934FAF /* DetailsView.xib */ = {isa = PBXFileReference; lastKnownFileType = file.xib; path = DetailsView.xib; sourceTree = "<group>"; };
		4D793B6B24081FF800934FAF /* Animator.swift */ = {isa = PBXFileReference; lastKnownFileType = sourcecode.swift; path = Animator.swift; sourceTree = "<group>"; };
		4D793B6E2408239600934FAF /* Exnteniosn.swift */ = {isa = PBXFileReference; lastKnownFileType = sourcecode.swift; path = Exnteniosn.swift; sourceTree = "<group>"; };
/* End PBXFileReference section */

/* Begin PBXFrameworksBuildPhase section */
		4D335C792407B18D00587BFA /* Frameworks */ = {
			isa = PBXFrameworksBuildPhase;
			buildActionMask = 2147483647;
			files = (
			);
			runOnlyForDeploymentPostprocessing = 0;
		};
/* End PBXFrameworksBuildPhase section */

/* Begin PBXGroup section */
		4D0CD9F2240A66F4007D3B17 /* CoreDataEnities */ = {
			isa = PBXGroup;
			children = (
				4D0CD9ED240A4588007D3B17 /* Photo+CoreDataClass.swift */,
				4D0CD9EE240A4588007D3B17 /* Photo+CoreDataProperties.swift */,
			);
			path = CoreDataEnities;
			sourceTree = "<group>";
		};
		4D335C732407B18D00587BFA = {
			isa = PBXGroup;
			children = (
				4D335C7E2407B18D00587BFA /* POCO2One */,
				4D335C7D2407B18D00587BFA /* Products */,
			);
			sourceTree = "<group>";
		};
		4D335C7D2407B18D00587BFA /* Products */ = {
			isa = PBXGroup;
			children = (
				4D335C7C2407B18D00587BFA /* POCO2One.app */,
			);
			name = Products;
			sourceTree = "<group>";
		};
		4D335C7E2407B18D00587BFA /* POCO2One */ = {
			isa = PBXGroup;
			children = (
				4D0CD9F2240A66F4007D3B17 /* CoreDataEnities */,
				4D793B7024082BB900934FAF /* Utils */,
				4D793B6D2408238100934FAF /* Extensions */,
				4D335CA22407CE2800587BFA /* CustomViews */,
				4D335C9F2407CDCB00587BFA /* ViewControllers */,
				4D335C9C2407C56800587BFA /* DataLayer */,
				4D335C992407BEC000587BFA /* Models */,
				4D335C7F2407B18D00587BFA /* AppDelegate.swift */,
				4D335C882407B1A100587BFA /* Assets.xcassets */,
				4D335C8A2407B1A100587BFA /* LaunchScreen.storyboard */,
				4D335C8D2407B1A100587BFA /* Info.plist */,
				4D2B4CDB240A0E2700875E07 /* O2OnePoc.xcdatamodeld */,
			);
			path = POCO2One;
			sourceTree = "<group>";
		};
		4D335C992407BEC000587BFA /* Models */ = {
			isa = PBXGroup;
			children = (
				4D335CAB2407D72800587BFA /* Avatars.swift */,
				4D335CB12407D72900587BFA /* Default.swift */,
				4D335CAC2407D72800587BFA /* Fill_switch.swift */,
				4D335CB32407D72900587BFA /* Filters.swift */,
				4D335CAA2407D72800587BFA /* Images.swift */,
				4D335CAE2407D72800587BFA /* Large.swift */,
				4D335CAF2407D72900587BFA /* Photos.swift */,
				4D335CB42407D72900587BFA /* Small.swift */,
				4D335CAD2407D72800587BFA /* Tiny.swift */,
				4D335CB02407D72900587BFA /* User.swift */,
				4D335C9A2407BED600587BFA /* MainResponseModel.swift */,
			);
			path = Models;
			sourceTree = "<group>";
		};
		4D335C9C2407C56800587BFA /* DataLayer */ = {
			isa = PBXGroup;
			children = (
				4D335C952407BAE500587BFA /* NetworkManager.swift */,
				4D335C9D2407C59D00587BFA /* GETPhotosRequest.swift */,
			);
			path = DataLayer;
			sourceTree = "<group>";
		};
		4D335C9F2407CDCB00587BFA /* ViewControllers */ = {
			isa = PBXGroup;
			children = (
				4D793B642407F91C00934FAF /* Details */,
				4D793B632407F8F400934FAF /* Home */,
			);
			path = ViewControllers;
			sourceTree = "<group>";
		};
		4D335CA22407CE2800587BFA /* CustomViews */ = {
			isa = PBXGroup;
			children = (
				4D3B62D82407EC9D006514AD /* tableViewCell.swift */,
				4D3B62D92407EC9D006514AD /* tableViewCell.xib */,
			);
			path = CustomViews;
			sourceTree = "<group>";
		};
		4D793B632407F8F400934FAF /* Home */ = {
			isa = PBXGroup;
			children = (
				4D335CA82407D54A00587BFA /* MainVM.swift */,
				4D335CA02407CDEA00587BFA /* MainVC.swift */,
			);
			path = Home;
			sourceTree = "<group>";
		};
		4D793B642407F91C00934FAF /* Details */ = {
			isa = PBXGroup;
			children = (
				4D793B652407F93A00934FAF /* DetailsVC.swift */,
				4D793B672407F94900934FAF /* DetailsVM.swift */,
				4D793B692407FB4000934FAF /* DetailsView.xib */,
			);
			path = Details;
			sourceTree = "<group>";
		};
		4D793B6D2408238100934FAF /* Extensions */ = {
			isa = PBXGroup;
			children = (
				4D793B6E2408239600934FAF /* Exnteniosn.swift */,
			);
			path = Extensions;
			sourceTree = "<group>";
		};
		4D793B7024082BB900934FAF /* Utils */ = {
			isa = PBXGroup;
			children = (
				4D793B6B24081FF800934FAF /* Animator.swift */,
				4D335C972407BBBF00587BFA /* Constants.swift */,
			);
			path = Utils;
			sourceTree = "<group>";
		};
/* End PBXGroup section */

/* Begin PBXNativeTarget section */
		4D335C7B2407B18D00587BFA /* POCO2One */ = {
			isa = PBXNativeTarget;
			buildConfigurationList = 4D335C902407B1A100587BFA /* Build configuration list for PBXNativeTarget "POCO2One" */;
			buildPhases = (
				4D335C782407B18D00587BFA /* Sources */,
				4D335C792407B18D00587BFA /* Frameworks */,
				4D335C7A2407B18D00587BFA /* Resources */,
			);
			buildRules = (
			);
			dependencies = (
			);
			name = POCO2One;
			productName = POCO2One;
			productReference = 4D335C7C2407B18D00587BFA /* POCO2One.app */;
			productType = "com.apple.product-type.application";
		};
/* End PBXNativeTarget section */

/* Begin PBXProject section */
		4D335C742407B18D00587BFA /* Project object */ = {
			isa = PBXProject;
			attributes = {
				LastSwiftUpdateCheck = 1100;
				LastUpgradeCheck = 1100;
				ORGANIZATIONNAME = "ASHWANI  KUMAR";
				TargetAttributes = {
					4D335C7B2407B18D00587BFA = {
						CreatedOnToolsVersion = 11.0;
					};
				};
			};
			buildConfigurationList = 4D335C772407B18D00587BFA /* Build configuration list for PBXProject "POCO2One" */;
			compatibilityVersion = "Xcode 9.3";
			developmentRegion = en;
			hasScannedForEncodings = 0;
			knownRegions = (
				en,
				Base,
			);
			mainGroup = 4D335C732407B18D00587BFA;
			productRefGroup = 4D335C7D2407B18D00587BFA /* Products */;
			projectDirPath = "";
			projectRoot = "";
			targets = (
				4D335C7B2407B18D00587BFA /* POCO2One */,
			);
		};
/* End PBXProject section */

/* Begin PBXResourcesBuildPhase section */
		4D335C7A2407B18D00587BFA /* Resources */ = {
			isa = PBXResourcesBuildPhase;
			buildActionMask = 2147483647;
			files = (
				4D3B62DB2407EC9D006514AD /* tableViewCell.xib in Resources */,
				4D793B6A2407FB4100934FAF /* DetailsView.xib in Resources */,
				4D335C8C2407B1A100587BFA /* LaunchScreen.storyboard in Resources */,
				4D335C892407B1A100587BFA /* Assets.xcassets in Resources */,
			);
			runOnlyForDeploymentPostprocessing = 0;
		};
/* End PBXResourcesBuildPhase section */

/* Begin PBXSourcesBuildPhase section */
		4D335C782407B18D00587BFA /* Sources */ = {
			isa = PBXSourcesBuildPhase;
			buildActionMask = 2147483647;
			files = (
				4D335C982407BBBF00587BFA /* Constants.swift in Sources */,
				4D335CA92407D54A00587BFA /* MainVM.swift in Sources */,
				4D335C9B2407BED600587BFA /* MainResponseModel.swift in Sources */,
				4D335CBA2407D72900587BFA /* Photos.swift in Sources */,
				4D793B662407F93A00934FAF /* DetailsVC.swift in Sources */,
				4D3B62DA2407EC9D006514AD /* tableViewCell.swift in Sources */,
				4D0CD9F1240A4588007D3B17 /* Photo+CoreDataProperties.swift in Sources */,
				4D335CBB2407D72900587BFA /* User.swift in Sources */,
				4D793B682407F94900934FAF /* DetailsVM.swift in Sources */,
				4D335CB92407D72900587BFA /* Large.swift in Sources */,
				4D335C9E2407C59E00587BFA /* GETPhotosRequest.swift in Sources */,
				4D335CB72407D72900587BFA /* Fill_switch.swift in Sources */,
				4D335C962407BAE500587BFA /* NetworkManager.swift in Sources */,
				4D335CBE2407D72900587BFA /* Filters.swift in Sources */,
				4D0CD9F0240A4588007D3B17 /* Photo+CoreDataClass.swift in Sources */,
				4D793B6F2408239600934FAF /* Exnteniosn.swift in Sources */,
				4D335CB62407D72900587BFA /* Avatars.swift in Sources */,
				4D2B4CDD240A0E2700875E07 /* O2OnePoc.xcdatamodeld in Sources */,
				4D335CBC2407D72900587BFA /* Default.swift in Sources */,
				4D335CBF2407D72900587BFA /* Small.swift in Sources */,
				4D335CB82407D72900587BFA /* Tiny.swift in Sources */,
				4D335CB52407D72900587BFA /* Images.swift in Sources */,
				4D335CA12407CDEA00587BFA /* MainVC.swift in Sources */,
				4D793B6C24081FF800934FAF /* Animator.swift in Sources */,
				4D335C802407B18D00587BFA /* AppDelegate.swift in Sources */,
			);
			runOnlyForDeploymentPostprocessing = 0;
		};
/* End PBXSourcesBuildPhase section */

/* Begin PBXVariantGroup section */
		4D335C8A2407B1A100587BFA /* LaunchScreen.storyboard */ = {
			isa = PBXVariantGroup;
			children = (
				4D335C8B2407B1A100587BFA /* Base */,
			);
			name = LaunchScreen.storyboard;
			sourceTree = "<group>";
		};
/* End PBXVariantGroup section */

/* Begin XCBuildConfiguration section */
		4D335C8E2407B1A100587BFA /* Debug */ = {
			isa = XCBuildConfiguration;
			buildSettings = {
				ALWAYS_SEARCH_USER_PATHS = NO;
				CLANG_ANALYZER_NONNULL = YES;
				CLANG_ANALYZER_NUMBER_OBJECT_CONVERSION = YES_AGGRESSIVE;
				CLANG_CXX_LANGUAGE_STANDARD = "gnu++14";
				CLANG_CXX_LIBRARY = "libc++";
				CLANG_ENABLE_MODULES = YES;
				CLANG_ENABLE_OBJC_ARC = YES;
				CLANG_ENABLE_OBJC_WEAK = YES;
				CLANG_WARN_BLOCK_CAPTURE_AUTORELEASING = YES;
				CLANG_WARN_BOOL_CONVERSION = YES;
				CLANG_WARN_COMMA = YES;
				CLANG_WARN_CONSTANT_CONVERSION = YES;
				CLANG_WARN_DEPRECATED_OBJC_IMPLEMENTATIONS = YES;
				CLANG_WARN_DIRECT_OBJC_ISA_USAGE = YES_ERROR;
				CLANG_WARN_DOCUMENTATION_COMMENTS = YES;
				CLANG_WARN_EMPTY_BODY = YES;
				CLANG_WARN_ENUM_CONVERSION = YES;
				CLANG_WARN_INFINITE_RECURSION = YES;
				CLANG_WARN_INT_CONVERSION = YES;
				CLANG_WARN_NON_LITERAL_NULL_CONVERSION = YES;
				CLANG_WARN_OBJC_IMPLICIT_RETAIN_SELF = YES;
				CLANG_WARN_OBJC_LITERAL_CONVERSION = YES;
				CLANG_WARN_OBJC_ROOT_CLASS = YES_ERROR;
				CLANG_WARN_RANGE_LOOP_ANALYSIS = YES;
				CLANG_WARN_STRICT_PROTOTYPES = YES;
				CLANG_WARN_SUSPICIOUS_MOVE = YES;
				CLANG_WARN_UNGUARDED_AVAILABILITY = YES_AGGRESSIVE;
				CLANG_WARN_UNREACHABLE_CODE = YES;
				CLANG_WARN__DUPLICATE_METHOD_MATCH = YES;
				COPY_PHASE_STRIP = NO;
				DEBUG_INFORMATION_FORMAT = dwarf;
				ENABLE_STRICT_OBJC_MSGSEND = YES;
				ENABLE_TESTABILITY = YES;
				GCC_C_LANGUAGE_STANDARD = gnu11;
				GCC_DYNAMIC_NO_PIC = NO;
				GCC_NO_COMMON_BLOCKS = YES;
				GCC_OPTIMIZATION_LEVEL = 0;
				GCC_PREPROCESSOR_DEFINITIONS = (
					"DEBUG=1",
					"$(inherited)",
				);
				GCC_WARN_64_TO_32_BIT_CONVERSION = YES;
				GCC_WARN_ABOUT_RETURN_TYPE = YES_ERROR;
				GCC_WARN_UNDECLARED_SELECTOR = YES;
				GCC_WARN_UNINITIALIZED_AUTOS = YES_AGGRESSIVE;
				GCC_WARN_UNUSED_FUNCTION = YES;
				GCC_WARN_UNUSED_VARIABLE = YES;
				IPHONEOS_DEPLOYMENT_TARGET = 13.0;
				MTL_ENABLE_DEBUG_INFO = INCLUDE_SOURCE;
				MTL_FAST_MATH = YES;
				ONLY_ACTIVE_ARCH = YES;
				SDKROOT = iphoneos;
				SWIFT_ACTIVE_COMPILATION_CONDITIONS = DEBUG;
				SWIFT_OPTIMIZATION_LEVEL = "-Onone";
			};
			name = Debug;
		};
		4D335C8F2407B1A100587BFA /* Release */ = {
			isa = XCBuildConfiguration;
			buildSettings = {
				ALWAYS_SEARCH_USER_PATHS = NO;
				CLANG_ANALYZER_NONNULL = YES;
				CLANG_ANALYZER_NUMBER_OBJECT_CONVERSION = YES_AGGRESSIVE;
				CLANG_CXX_LANGUAGE_STANDARD = "gnu++14";
				CLANG_CXX_LIBRARY = "libc++";
				CLANG_ENABLE_MODULES = YES;
				CLANG_ENABLE_OBJC_ARC = YES;
				CLANG_ENABLE_OBJC_WEAK = YES;
				CLANG_WARN_BLOCK_CAPTURE_AUTORELEASING = YES;
				CLANG_WARN_BOOL_CONVERSION = YES;
				CLANG_WARN_COMMA = YES;
				CLANG_WARN_CONSTANT_CONVERSION = YES;
				CLANG_WARN_DEPRECATED_OBJC_IMPLEMENTATIONS = YES;
				CLANG_WARN_DIRECT_OBJC_ISA_USAGE = YES_ERROR;
				CLANG_WARN_DOCUMENTATION_COMMENTS = YES;
				CLANG_WARN_EMPTY_BODY = YES;
				CLANG_WARN_ENUM_CONVERSION = YES;
				CLANG_WARN_INFINITE_RECURSION = YES;
				CLANG_WARN_INT_CONVERSION = YES;
				CLANG_WARN_NON_LITERAL_NULL_CONVERSION = YES;
				CLANG_WARN_OBJC_IMPLICIT_RETAIN_SELF = YES;
				CLANG_WARN_OBJC_LITERAL_CONVERSION = YES;
				CLANG_WARN_OBJC_ROOT_CLASS = YES_ERROR;
				CLANG_WARN_RANGE_LOOP_ANALYSIS = YES;
				CLANG_WARN_STRICT_PROTOTYPES = YES;
				CLANG_WARN_SUSPICIOUS_MOVE = YES;
				CLANG_WARN_UNGUARDED_AVAILABILITY = YES_AGGRESSIVE;
				CLANG_WARN_UNREACHABLE_CODE = YES;
				CLANG_WARN__DUPLICATE_METHOD_MATCH = YES;
				COPY_PHASE_STRIP = NO;
				DEBUG_INFORMATION_FORMAT = "dwarf-with-dsym";
				ENABLE_NS_ASSERTIONS = NO;
				ENABLE_STRICT_OBJC_MSGSEND = YES;
				GCC_C_LANGUAGE_STANDARD = gnu11;
				GCC_NO_COMMON_BLOCKS = YES;
				GCC_WARN_64_TO_32_BIT_CONVERSION = YES;
				GCC_WARN_ABOUT_RETURN_TYPE = YES_ERROR;
				GCC_WARN_UNDECLARED_SELECTOR = YES;
				GCC_WARN_UNINITIALIZED_AUTOS = YES_AGGRESSIVE;
				GCC_WARN_UNUSED_FUNCTION = YES;
				GCC_WARN_UNUSED_VARIABLE = YES;
				IPHONEOS_DEPLOYMENT_TARGET = 13.0;
				MTL_ENABLE_DEBUG_INFO = NO;
				MTL_FAST_MATH = YES;
				SDKROOT = iphoneos;
				SWIFT_COMPILATION_MODE = wholemodule;
				SWIFT_OPTIMIZATION_LEVEL = "-O";
				VALIDATE_PRODUCT = YES;
			};
			name = Release;
		};
		4D335C912407B1A100587BFA /* Debug */ = {
			isa = XCBuildConfiguration;
			buildSettings = {
				ASSETCATALOG_COMPILER_APPICON_NAME = AppIcon;
				CODE_SIGN_STYLE = Automatic;
				DEVELOPMENT_TEAM = E34J8E7G8W;
				INFOPLIST_FILE = POCO2One/Info.plist;
				IPHONEOS_DEPLOYMENT_TARGET = 11.0;
				LD_RUNPATH_SEARCH_PATHS = (
					"$(inherited)",
					"@executable_path/Frameworks",
				);
				PRODUCT_BUNDLE_IDENTIFIER = com.ashwani.mckinley.POCO2One;
				PRODUCT_NAME = "$(TARGET_NAME)";
				SWIFT_VERSION = 5.0;
				TARGETED_DEVICE_FAMILY = "1,2";
			};
			name = Debug;
		};
		4D335C922407B1A100587BFA /* Release */ = {
			isa = XCBuildConfiguration;
			buildSettings = {
				ASSETCATALOG_COMPILER_APPICON_NAME = AppIcon;
				CODE_SIGN_STYLE = Automatic;
				DEVELOPMENT_TEAM = E34J8E7G8W;
				INFOPLIST_FILE = POCO2One/Info.plist;
				IPHONEOS_DEPLOYMENT_TARGET = 11.0;
				LD_RUNPATH_SEARCH_PATHS = (
					"$(inherited)",
					"@executable_path/Frameworks",
				);
				PRODUCT_BUNDLE_IDENTIFIER = com.ashwani.mckinley.POCO2One;
				PRODUCT_NAME = "$(TARGET_NAME)";
				SWIFT_VERSION = 5.0;
				TARGETED_DEVICE_FAMILY = "1,2";
			};
			name = Release;
		};
/* End XCBuildConfiguration section */

/* Begin XCConfigurationList section */
		4D335C772407B18D00587BFA /* Build configuration list for PBXProject "POCO2One" */ = {
			isa = XCConfigurationList;
			buildConfigurations = (
				4D335C8E2407B1A100587BFA /* Debug */,
				4D335C8F2407B1A100587BFA /* Release */,
			);
			defaultConfigurationIsVisible = 0;
			defaultConfigurationName = Release;
		};
		4D335C902407B1A100587BFA /* Build configuration list for PBXNativeTarget "POCO2One" */ = {
			isa = XCConfigurationList;
			buildConfigurations = (
				4D335C912407B1A100587BFA /* Debug */,
				4D335C922407B1A100587BFA /* Release */,
			);
			defaultConfigurationIsVisible = 0;
			defaultConfigurationName = Release;
		};
/* End XCConfigurationList section */

/* Begin XCVersionGroup section */
		4D2B4CDB240A0E2700875E07 /* O2OnePoc.xcdatamodeld */ = {
			isa = XCVersionGroup;
			children = (
				4D2B4CDC240A0E2700875E07 /* O2OnePoc.xcdatamodel */,
			);
			currentVersion = 4D2B4CDC240A0E2700875E07 /* O2OnePoc.xcdatamodel */;
			path = O2OnePoc.xcdatamodeld;
			sourceTree = "<group>";
			versionGroupType = wrapper.xcdatamodel;
		};
/* End XCVersionGroup section */
	};
	rootObject = 4D335C742407B18D00587BFA /* Project object */;
}
